{
  "name": "@mxideass/device-crypto",
  "version": "0.1.0",
  "lockfileVersion": 3,
  "requires": true,
  "packages": {
    "": {
      "name": "@mxideass/device-crypto",
      "version": "0.1.0",
      "optionalDependencies": {
        "@primno/dpapi": "^2.0.1"
      }
    },
    "node_modules/@primno/dpapi": {
      "version": "2.0.1",
      "resolved": "https://registry.npmjs.org/@primno/dpapi/-/dpapi-2.0.1.tgz",
      "integrity": "sha512-uX756jYkiyHHJU1981oRJMg3FtCGlBGpGcztTs7SFxeh0L/c0aLQcooF61HQ9V3MdaCDPIi8yreN7MlISr4mJg==",
      "hasInstallScript": true,
      "license": "MIT",
      "optional": true,
      "dependencies": {
        "node-gyp-build": "^4.8.4"
      },
      "engines": {
        "node": ">=14"
      }
    },
    "node_modules/node-gyp-build": {
      "version": "4.8.4",
      "resolved": "https://registry.npmjs.org/node-gyp-build/-/node-gyp-build-4.8.4.tgz",
      "integrity": "sha512-LA4ZjwlnUblHVgq0oBF3Jl/6h/Nvs5fzBLwdEF4nuxnFdsfajde4WfxtJr3CaiH+F6ewcIB/q4jQ4UzPyid+CQ==",
      "license": "MIT",
      "optional": true,
      "bin": {
        "node-gyp-build": "bin.js",
        "node-gyp-build-optional": "optional.js",
        "node-gyp-build-test": "build-test.js"
      }
    }
  }
}
